// !$*UTF8*$!
{
	archiveVersion = 1;
	classes = {
	};
	objectVersion = 46;
	objects = {

/* Begin PBXBuildFile section */
		F4876EB51CF2DCD4008E26F1 /* AppDelegate.swift in Sources */ = {isa = PBXBuildFile; fileRef = F4876EB41CF2DCD4008E26F1 /* AppDelegate.swift */; };
		F4876EB71CF2DCD4008E26F1 /* ViewController.swift in Sources */ = {isa = PBXBuildFile; fileRef = F4876EB61CF2DCD4008E26F1 /* ViewController.swift */; };
		F4876EBA1CF2DCD4008E26F1 /* Main.storyboard in Resources */ = {isa = PBXBuildFile; fileRef = F4876EB81CF2DCD4008E26F1 /* Main.storyboard */; };
		F4876EBC1CF2DCD4008E26F1 /* Assets.xcassets in Resources */ = {isa = PBXBuildFile; fileRef = F4876EBB1CF2DCD4008E26F1 /* Assets.xcassets */; };
		F4876EBF1CF2DCD4008E26F1 /* LaunchScreen.storyboard in Resources */ = {isa = PBXBuildFile; fileRef = F4876EBD1CF2DCD4008E26F1 /* LaunchScreen.storyboard */; };
/* End PBXBuildFile section */

/* Begin PBXFileReference section */
		F4876EB11CF2DCD4008E26F1 /* PlayingTemps.app */ = {isa = PBXFileReference; explicitFileType = wrapper.application; includeInIndex = 0; path = PlayingTemps.app; sourceTree = BUILT_PRODUCTS_DIR; };
		F4876EB41CF2DCD4008E26F1 /* AppDelegate.swift */ = {isa = PBXFileReference; lastKnownFileType = sourcecode.swift; path = AppDelegate.swift; sourceTree = "<group>"; };
		F4876EB61CF2DCD4008E26F1 /* ViewController.swift */ = {isa = PBXFileReference; lastKnownFileType = sourcecode.swift; path = ViewController.swift; sourceTree = "<group>"; };
		F4876EB91CF2DCD4008E26F1 /* Base */ = {isa = PBXFileReference; lastKnownFileType = file.storyboard; name = Base; path = Base.lproj/Main.storyboard; sourceTree = "<group>"; };
		F4876EBB1CF2DCD4008E26F1 /* Assets.xcassets */ = {isa = PBXFileReference; lastKnownFileType = folder.assetcatalog; path = Assets.xcassets; sourceTree = "<group>"; };
		F4876EBE1CF2DCD4008E26F1 /* Base */ = {isa = PBXFileReference; lastKnownFileType = file.storyboard; name = Base; path = Base.lproj/LaunchScreen.storyboard; sourceTree = "<group>"; };
		F4876EC01CF2DCD4008E26F1 /* Info.plist */ = {isa = PBXFileReference; lastKnownFileType = text.plist.xml; path = Info.plist; sourceTree = "<group>"; };
/* End PBXFileReference section */

/* Begin PBXFrameworksBuildPhase section */
		F4876EAE1CF2DCD4008E26F1 /* Frameworks */ = {
			isa = PBXFrameworksBuildPhase;
			buildActionMask = 2147483647;
			files = (
			);
			runOnlyForDeploymentPostprocessing = 0;
		};
/* End PBXFrameworksBuildPhase section */

/* Begin PBXGroup section */
		F4876EA81CF2DCD4008E26F1 = {
			isa = PBXGroup;
			children = (
				F4876EB31CF2DCD4008E26F1 /* PlayingTemps */,
				F4876EB21CF2DCD4008E26F1 /* Products */,
			);
			sourceTree = "<group>";
		};
		F4876EB21CF2DCD4008E26F1 /* Products */ = {
			isa = PBXGroup;
			children = (
				F4876EB11CF2DCD4008E26F1 /* PlayingTemps.app */,
			);
			name = Products;
			sourceTree = "<group>";
		};
		F4876EB31CF2DCD4008E26F1 /* PlayingTemps */ = {
			isa = PBXGroup;
			children = (
				F4876EB41CF2DCD4008E26F1 /* AppDelegate.swift */,
				F4876EB61CF2DCD4008E26F1 /* ViewController.swift */,
				F4876EB81CF2DCD4008E26F1 /* Main.storyboard */,
				F4876EBB1CF2DCD4008E26F1 /* Assets.xcassets */,
				F4876EBD1CF2DCD4008E26F1 /* LaunchScreen.storyboard */,
				F4876EC01CF2DCD4008E26F1 /* Info.plist */,
			);
			path = PlayingTemps;
			sourceTree = "<group>";
		};
/* End PBXGroup section */

/* Begin PBXNativeTarget section */
		F4876EB01CF2DCD4008E26F1 /* PlayingTemps */ = {
			isa = PBXNativeTarget;
			buildConfigurationList = F4876EC31CF2DCD4008E26F1 /* Build configuration list for PBXNativeTarget "PlayingTemps" */;
			buildPhases = (
				F4876EAD1CF2DCD4008E26F1 /* Sources */,
				F4876EAE1CF2DCD4008E26F1 /* Frameworks */,
				F4876EAF1CF2DCD4008E26F1 /* Resources */,
			);
			buildRules = (
			);
			dependencies = (
			);
			name = PlayingTemps;
			productName = PlayingTemps;
			productReference = F4876EB11CF2DCD4008E26F1 /* PlayingTemps.app */;
			productType = "com.apple.product-type.application";
		};
/* End PBXNativeTarget section */

/* Begin PBXProject section */
		F4876EA91CF2DCD4008E26F1 /* Project object */ = {
			isa = PBXProject;
			attributes = {
				LastSwiftUpdateCheck = 0730;
				LastUpgradeCheck = 0730;
				ORGANIZATIONNAME = MLBNP;
				TargetAttributes = {
					F4876EB01CF2DCD4008E26F1 = {
						CreatedOnToolsVersion = 7.3;
					};
				};
			};
			buildConfigurationList = F4876EAC1CF2DCD4008E26F1 /* Build configuration list for PBXProject "PlayingTemps" */;
			compatibilityVersion = "Xcode 3.2";
			developmentRegion = English;
			hasScannedForEncodings = 0;
			knownRegions = (
				en,
				Base,
			);
			mainGroup = F4876EA81CF2DCD4008E26F1;
			productRefGroup = F4876EB21CF2DCD4008E26F1 /* Products */;
			projectDirPath = "";
			projectRoot = "";
			targets = (
				F4876EB01CF2DCD4008E26F1 /* PlayingTemps */,
			);
		};
/* End PBXProject section */

/* Begin PBXResourcesBuildPhase section */
		F4876EAF1CF2DCD4008E26F1 /* Resources */ = {
			isa = PBXResourcesBuildPhase;
			buildActionMask = 2147483647;
			files = (
				F4876EBF1CF2DCD4008E26F1 /* LaunchScreen.storyboard in Resources */,
				F4876EBC1CF2DCD4008E26F1 /* Assets.xcassets in Resources */,
				F4876EBA1CF2DCD4008E26F1 /* Main.storyboard in Resources */,
			);
			runOnlyForDeploymentPostprocessing = 0;
		};
/* End PBXResourcesBuildPhase section */

/* Begin PBXSourcesBuildPhase section */
		F4876EAD1CF2DCD4008E26F1 /* Sources */ = {
			isa = PBXSourcesBuildPhase;
			buildActionMask = 2147483647;
			files = (
				F4876EB71CF2DCD4008E26F1 /* ViewController.swift in Sources */,
				F4876EB51CF2DCD4008E26F1 /* AppDelegate.swift in Sources */,
			);
			runOnlyForDeploymentPostprocessing = 0;
		};
/* End PBXSourcesBuildPhase section */

/* Begin PBXVariantGroup section */
		F4876EB81CF2DCD4008E26F1 /* Main.storyboard */ = {
			isa = PBXVariantGroup;
			children = (
				F4876EB91CF2DCD4008E26F1 /* Base */,
			);
			name = Main.storyboard;
			sourceTree = "<group>";
		};
		F4876EBD1CF2DCD4008E26F1 /* LaunchScreen.storyboard */ = {
			isa = PBXVariantGroup;
			children = (
				F4876EBE1CF2DCD4008E26F1 /* Base */,
			);
			name = LaunchScreen.storyboard;
			sourceTree = "<group>";
		};
/* End PBXVariantGroup section */

/* Begin XCBuildConfiguration section */
		F4876EC11CF2DCD4008E26F1 /* Debug */ = {
			isa = XCBuildConfiguration;
			buildSettings = {
				ALWAYS_SEARCH_USER_PATHS = NO;
				CLANG_ANALYZER_NONNULL = YES;
				CLANG_CXX_LANGUAGE_STANDARD = "gnu++0x";
				CLANG_CXX_LIBRARY = "libc++";
				CLANG_ENABLE_MODULES = YES;
				CLANG_ENABLE_OBJC_ARC = YES;
				CLANG_WARN_BOOL_CONVERSION = YES;
				CLANG_WARN_CONSTANT_CONVERSION = YES;
				CLANG_WARN_DIRECT_OBJC_ISA_USAGE = YES_ERROR;
				CLANG_WARN_EMPTY_BODY = YES;
				CLANG_WARN_ENUM_CONVERSION = YES;
				CLANG_WARN_INT_CONVERSION = YES;
				CLANG_WARN_OBJC_ROOT_CLASS = YES_ERROR;
				CLANG_WARN_UNREACHABLE_CODE = YES;
				CLANG_WARN__DUPLICATE_METHOD_MATCH = YES;
				"CODE_SIGN_IDENTITY[sdk=iphoneos*]" = "iPhone Developer";
				COPY_PHASE_STRIP = NO;
				DEBUG_INFORMATION_FORMAT = dwarf;
				ENABLE_STRICT_OBJC_MSGSEND = YES;
				ENABLE_TESTABILITY = YES;
				GCC_C_LANGUAGE_STANDARD = gnu99;
				GCC_DYNAMIC_NO_PIC = NO;
				GCC_NO_COMMON_BLOCKS = YES;
				GCC_OPTIMIZATION_LEVEL = 0;
				GCC_PREPROCESSOR_DEFINITIONS = (
					"DEBUG=1",
					"$(inherited)",
				);
				GCC_WARN_64_TO_32_BIT_CONVERSION = YES;
				GCC_WARN_ABOUT_RETURN_TYPE = YES_ERROR;
				GCC_WARN_UNDECLARED_SELECTOR = YES;
				GCC_WARN_UNINITIALIZED_AUTOS = YES_AGGRESSIVE;
				GCC_WARN_UNUSED_FUNCTION = YES;
				GCC_WARN_UNUSED_VARIABLE = YES;
				IPHONEOS_DEPLOYMENT_TARGET = 9.3;
				MTL_ENABLE_DEBUG_INFO = YES;
				ONLY_ACTIVE_ARCH = YES;
				SDKROOT = iphoneos;
				SWIFT_OPTIMIZATION_LEVEL = "-Onone";
			};
			name = Debug;
		};
		F4876EC21CF2DCD4008E26F1 /* Release */ = {
			isa = XCBuildConfiguration;
			buildSettings = {
				ALWAYS_SEARCH_USER_PATHS = NO;
				CLANG_ANALYZER_NONNULL = YES;
				CLANG_CXX_LANGUAGE_STANDARD = "gnu++0x";
				CLANG_CXX_LIBRARY = "libc++";
				CLANG_ENABLE_MODULES = YES;
				CLANG_ENABLE_OBJC_ARC = YES;
				CLANG_WARN_BOOL_CONVERSION = YES;
				CLANG_WARN_CONSTANT_CONVERSION = YES;
				CLANG_WARN_DIRECT_OBJC_ISA_USAGE = YES_ERROR;
				CLANG_WARN_EMPTY_BODY = YES;
				CLANG_WARN_ENUM_CONVERSION = YES;
				CLANG_WARN_INT_CONVERSION = YES;
				CLANG_WARN_OBJC_ROOT_CLASS = YES_ERROR;
				CLANG_WARN_UNREACHABLE_CODE = YES;
				CLANG_WARN__DUPLICATE_METHOD_MATCH = YES;
				"CODE_SIGN_IDENTITY[sdk=iphoneos*]" = "iPhone Developer";
				COPY_PHASE_STRIP = NO;
				DEBUG_INFORMATION_FORMAT = "dwarf-with-dsym";
				ENABLE_NS_ASSERTIONS = NO;
				ENABLE_STRICT_OBJC_MSGSEND = YES;
				GCC_C_LANGUAGE_STANDARD = gnu99;
				GCC_NO_COMMON_BLOCKS = YES;
				GCC_WARN_64_TO_32_BIT_CONVERSION = YES;
				GCC_WARN_ABOUT_RETURN_TYPE = YES_ERROR;
				GCC_WARN_UNDECLARED_SELECTOR = YES;
				GCC_WARN_UNINITIALIZED_AUTOS = YES_AGGRESSIVE;
				GCC_WARN_UNUSED_FUNCTION = YES;
				GCC_WARN_UNUSED_VARIABLE = YES;
				IPHONEOS_DEPLOYMENT_TARGET = 9.3;
				MTL_ENABLE_DEBUG_INFO = NO;
				SDKROOT = iphoneos;
				VALIDATE_PRODUCT = YES;
			};
			name = Release;
		};
		F4876EC41CF2DCD4008E26F1 /* Debug */ = {
			isa = XCBuildConfiguration;
			buildSettings = {
				ASSETCATALOG_COMPILER_APPICON_NAME = AppIcon;
				INFOPLIST_FILE = PlayingTemps/Info.plist;
				LD_RUNPATH_SEARCH_PATHS = "$(inherited) @executable_path/Frameworks";
				PRODUCT_BUNDLE_IDENTIFIER = com.MLBNP.PlayingTemps;
				PRODUCT_NAME = "$(TARGET_NAME)";
			};
			name = Debug;
		};
		F4876EC51CF2DCD4008E26F1 /* Release */ = {
			isa = XCBuildConfiguration;
			buildSettings = {
				ASSETCATALOG_COMPILER_APPICON_NAME = AppIcon;
				INFOPLIST_FILE = PlayingTemps/Info.plist;
				LD_RUNPATH_SEARCH_PATHS = "$(inherited) @executable_path/Frameworks";
				PRODUCT_BUNDLE_IDENTIFIER = com.MLBNP.PlayingTemps;
				PRODUCT_NAME = "$(TARGET_NAME)";
			};
			name = Release;
		};
/* End XCBuildConfiguration section */

/* Begin XCConfigurationList section */
		F4876EAC1CF2DCD4008E26F1 /* Build configuration list for PBXProject "PlayingTemps" */ = {
			isa = XCConfigurationList;
			buildConfigurations = (
				F4876EC11CF2DCD4008E26F1 /* Debug */,
				F4876EC21CF2DCD4008E26F1 /* Release */,
			);
			defaultConfigurationIsVisible = 0;
			defaultConfigurationName = Release;
		};
		F4876EC31CF2DCD4008E26F1 /* Build configuration list for PBXNativeTarget "PlayingTemps" */ = {
			isa = XCConfigurationList;
			buildConfigurations = (
				F4876EC41CF2DCD4008E26F1 /* Debug */,
				F4876EC51CF2DCD4008E26F1 /* Release */,
			);
			defaultConfigurationIsVisible = 0;
		};
/* End XCConfigurationList section */
	};
	rootObject = F4876EA91CF2DCD4008E26F1 /* Project object */;
}
